
Microsoft Visual Studio Solution File, Format Version 12.00
# Visual Studio Version 16
VisualStudioVersion = 16.0.31402.337
MinimumVisualStudioVersion = 10.0.40219.1
Project("{9A19103F-16F7-4668-BE54-9A1E7A4F7556}") = "DomainModel", "DomainModel\DomainModel.csproj", "{4BED66C1-CC1C-4512-8DF7-1EE265D494EE}"
EndProject
Project("{9A19103F-16F7-4668-BE54-9A1E7A4F7556}") = "Dal", "Dal\Dal.csproj", "{C431A119-CCB5-4F63-AD75-3B29362E516E}"
EndProject
Project("{9A19103F-16F7-4668-BE54-9A1E7A4F7556}") = "ConsoleApp", "ConsoleApp\ConsoleApp.csproj", "{D67CBE29-E0EA-4BFE-84A0-CFF8EA5EBF45}"
EndProject
Project("{FAE04EC0-301F-11D3-BF4B-00C04F79EFBC}") = "WebApp", "WebApp\WebApp.csproj", "{C9B3A14E-6A79-455B-AA45-87BC92B638BB}"
EndProject
Project("{2150E333-8FDC-42A3-9474-1A3956D46DE8}") = "Data", "Data", "{942C8FB5-4B13-4ABA-9DA9-D2A7CAC91806}"
EndProject
Project("{2150E333-8FDC-42A3-9474-1A3956D46DE8}") = "Web", "Web", "{7A7ECA05-93BF-46DA-A228-6EF664D57D31}"
EndProject
Project("{2150E333-8FDC-42A3-9474-1A3956D46DE8}") = "Gui", "Gui", "{8712CD2E-A4FA-43B0-9173-9D0C7E30C2F2}"
EndProject
Global
	GlobalSection(SolutionConfigurationPlatforms) = preSolution
		Debug|Any CPU = Debug|Any CPU
		Release|Any CPU = Release|Any CPU
	EndGlobalSection
	GlobalSection(ProjectConfigurationPlatforms) = postSolution
		{4BED66C1-CC1C-4512-8DF7-1EE265D494EE}.Debug|Any CPU.ActiveCfg = Debug|Any CPU
		{4BED66C1-CC1C-4512-8DF7-1EE265D494EE}.Debug|Any CPU.Build.0 = Debug|Any CPU
		{4BED66C1-CC1C-4512-8DF7-1EE265D494EE}.Release|Any CPU.ActiveCfg = Release|Any CPU
		{4BED66C1-CC1C-4512-8DF7-1EE265D494EE}.Release|Any CPU.Build.0 = Release|Any CPU
		{C431A119-CCB5-4F63-AD75-3B29362E516E}.Debug|Any CPU.ActiveCfg = Debug|Any CPU
		{C431A119-CCB5-4F63-AD75-3B29362E516E}.Debug|Any CPU.Build.0 = Debug|Any CPU
		{C431A119-CCB5-4F63-AD75-3B29362E516E}.Release|Any CPU.ActiveCfg = Release|Any CPU
		{C431A119-CCB5-4F63-AD75-3B29362E516E}.Release|Any CPU.Build.0 = Release|Any CPU
		{D67CBE29-E0EA-4BFE-84A0-CFF8EA5EBF45}.Debug|Any CPU.ActiveCfg = Debug|Any CPU
		{D67CBE29-E0EA-4BFE-84A0-CFF8EA5EBF45}.Debug|Any CPU.Build.0 = Debug|Any CPU
		{D67CBE29-E0EA-4BFE-84A0-CFF8EA5EBF45}.Release|Any CPU.ActiveCfg = Release|Any CPU
		{D67CBE29-E0EA-4BFE-84A0-CFF8EA5EBF45}.Release|Any CPU.Build.0 = Release|Any CPU
		{C9B3A14E-6A79-455B-AA45-87BC92B638BB}.Debug|Any CPU.ActiveCfg = Debug|Any CPU
		{C9B3A14E-6A79-455B-AA45-87BC92B638BB}.Debug|Any CPU.Build.0 = Debug|Any CPU
		{C9B3A14E-6A79-455B-AA45-87BC92B638BB}.Release|Any CPU.ActiveCfg = Release|Any CPU
		{C9B3A14E-6A79-455B-AA45-87BC92B638BB}.Release|Any CPU.Build.0 = Release|Any CPU
	EndGlobalSection
	GlobalSection(SolutionProperties) = preSolution
		HideSolutionNode = FALSE
	EndGlobalSection
	GlobalSection(NestedProjects) = preSolution
		{4BED66C1-CC1C-4512-8DF7-1EE265D494EE} = {942C8FB5-4B13-4ABA-9DA9-D2A7CAC91806}
		{C431A119-CCB5-4F63-AD75-3B29362E516E} = {942C8FB5-4B13-4ABA-9DA9-D2A7CAC91806}
		{D67CBE29-E0EA-4BFE-84A0-CFF8EA5EBF45} = {8712CD2E-A4FA-43B0-9173-9D0C7E30C2F2}
		{C9B3A14E-6A79-455B-AA45-87BC92B638BB} = {7A7ECA05-93BF-46DA-A228-6EF664D57D31}
	EndGlobalSection
	GlobalSection(ExtensibilityGlobals) = postSolution
		SolutionGuid = {98C59178-D9E5-4B5F-A1C0-F03FE28F7CF6}
	EndGlobalSection
EndGlobal
